
Microsoft Visual Studio Solution File, Format Version 12.00
# Visual Studio Version 17
VisualStudioVersion = 17.0.32126.317
MinimumVisualStudioVersion = 10.0.40219.1
Project("{9A19103F-16F7-4668-BE54-9A1E7A4F7556}") = "Csharp Slot machine", "Csharp Slot machine.csproj", "{6D161DAF-7C10-4C40-BD03-2284A113789B}"
EndProject
Project("{FAE04EC0-301F-11D3-BF4B-00C04F79EFBC}") = "SlotWForms", "..\SlotWForms\SlotWForms.csproj", "{F2614EBA-E02D-483E-9174-0CEBCD0BF516}"
EndProject
Global
	GlobalSection(SolutionConfigurationPlatforms) = preSolution
		Debug|Any CPU = Debug|Any CPU
		Release|Any CPU = Release|Any CPU
	EndGlobalSection
	GlobalSection(ProjectConfigurationPlatforms) = postSolution
		{6D161DAF-7C10-4C40-BD03-2284A113789B}.Debug|Any CPU.ActiveCfg = Debug|Any CPU
		{6D161DAF-7C10-4C40-BD03-2284A113789B}.Debug|Any CPU.Build.0 = Debug|Any CPU
		{6D161DAF-7C10-4C40-BD03-2284A113789B}.Release|Any CPU.ActiveCfg = Release|Any CPU
		{6D161DAF-7C10-4C40-BD03-2284A113789B}.Release|Any CPU.Build.0 = Release|Any CPU
		{F2614EBA-E02D-483E-9174-0CEBCD0BF516}.Debug|Any CPU.ActiveCfg = Debug|Any CPU
		{F2614EBA-E02D-483E-9174-0CEBCD0BF516}.Debug|Any CPU.Build.0 = Debug|Any CPU
		{F2614EBA-E02D-483E-9174-0CEBCD0BF516}.Release|Any CPU.ActiveCfg = Release|Any CPU
		{F2614EBA-E02D-483E-9174-0CEBCD0BF516}.Release|Any CPU.Build.0 = Release|Any CPU
	EndGlobalSection
	GlobalSection(SolutionProperties) = preSolution
		HideSolutionNode = FALSE
	EndGlobalSection
	GlobalSection(ExtensibilityGlobals) = postSolution
		SolutionGuid = {661FB6A0-7D5F-4937-BC6E-F43FCB2F1CEC}
	EndGlobalSection
EndGlobal
